schema: '2.0'
stages:
  data_preparation:
    cmd: python src/stage_01_prepare_data.py
    deps:
    - path: data/data.xml
      md5: a304afb96060aad90176268345e10355
      size: 37891850
    - path: src/stage_01_prepare_data.py
      md5: 48d1a4a02d4131c49e1ccd2cb2ee8c5e
      size: 2118
    - path: src/utils
      md5: 36706b79c84e8ce970e3846bbabf0d85.dir
      size: 6429
      nfiles: 6
    outs:
    - path: artifacts/prepared
      md5: dc639257fd7e43c167de7349d66763c4.dir
      size: 23886351
      nfiles: 2
  featurization:
    cmd: python src/stage_02_featurization.py
    deps:
    - path: artifacts/prepared
      md5: dc639257fd7e43c167de7349d66763c4.dir
      size: 23886351
      nfiles: 2
    - path: src/stage_02_featurization.py
      md5: 9099110c37dc6fadd9687e887678b7ea
      size: 2941
    - path: src/utils
      md5: 36706b79c84e8ce970e3846bbabf0d85.dir
      size: 6429
      nfiles: 6
    outs:
    - path: artifacts/features
      md5: 2638a56d12c43583c71dc6f020a45b54.dir
      size: 12272480
      nfiles: 2
  train:
    cmd: python src/stage_03_train.py
    deps:
    - path: artifacts/features/train.pkl
      md5: 296954b676c7102e4212fa3e7d7691ed
      size: 8558640
    - path: src/stage_03_train.py
      md5: 6ecfea0d27eb2297b7781a4c2a227eaa
      size: 2397
    - path: src/utils
      md5: 36706b79c84e8ce970e3846bbabf0d85.dir
      size: 6429
      nfiles: 6
    outs:
    - path: artifacts/model
      md5: 95e49b684b67a35fc5d5e60ef2be91d2.dir
      size: 3119312
      nfiles: 1
  evaluate:
    cmd: python src/stage_04_evaluate.py
    deps:
    - path: artifacts/features/test.pkl
      md5: 082d39185c64d407966f659a8f55a7fb
      size: 3713840
    - path: artifacts/model
      md5: 95e49b684b67a35fc5d5e60ef2be91d2.dir
      size: 3119312
      nfiles: 1
    - path: src/stage_04_evaluate.py
      md5: ae8979254f9180a957d571843205cff1
      size: 3095
    - path: src/utils
      md5: 36706b79c84e8ce970e3846bbabf0d85.dir
      size: 6429
      nfiles: 6
    outs:
    - path: prc.json
      md5: 47784f06f30e2dca9b227d9b02266aeb
      size: 145993
    - path: roc.json
      md5: c00d28d276212ccc0a52690f3981d91e
      size: 138907
    - path: scores.json
      md5: 998d585d339f75a78e5691960b51a995
      size: 76
